{
  "name": "console-toolkit",
  "version": "1.0.0",
  "lockfileVersion": 1,
  "requires": true,
  "dependencies": {
    "ttys": {
      "version": "0.0.3",
      "resolved": "https://registry.npm.taobao.org/ttys/download/ttys-0.0.3.tgz",
      "integrity": "sha1-FbrN54MQIN5fLyjwGxcy7wNlH00="
    }
  }
}
