{
  "name": "12.ts-lesson",
  "version": "1.0.0",
  "lockfileVersion": 1,
  "requires": true,
  "dependencies": {
    "@rollup/plugin-node-resolve": {
      "version": "10.0.0",
      "resolved": "https://registry.npm.taobao.org/@rollup/plugin-node-resolve/download/@rollup/plugin-node-resolve-10.0.0.tgz?cache=0&sync_timestamp=1603765711163&other_urls=https%3A%2F%2Fregistry.npm.taobao.org%2F%40rollup%2Fplugin-node-resolve%2Fdownload%2F%40rollup%2Fplugin-node-resolve-10.0.0.tgz",
      "integrity": "sha1-RAZKK5jfdTDmas+JQf8mL8m06tg=",
      "dev": true,
      "requires": {
        "@rollup/pluginutils": "^3.1.0",
        "@types/resolve": "1.17.1",
        "builtin-modules": "^3.1.0",
        "deepmerge": "^4.2.2",
        "is-module": "^1.0.0",
        "resolve": "^1.17.0"
      }
    },
    "@rollup/pluginutils": {
      "version": "3.1.0",
      "resolved": "https://registry.npm.taobao.org/@rollup/pluginutils/download/@rollup/pluginutils-3.1.0.tgz?cache=0&sync_timestamp=1603765711042&other_urls=https%3A%2F%2Fregistry.npm.taobao.org%2F%40rollup%2Fpluginutils%2Fdownload%2F%40rollup%2Fpluginutils-3.1.0.tgz",
      "integrity": "sha1-cGtFJO5tyLEDs8mVUz5a1oDAK5s=",
      "dev": true,
      "requires": {
        "@types/estree": "0.0.39",
        "estree-walker": "^1.0.1",
        "picomatch": "^2.2.2"
      }
    },
    "@types/estree": {
      "version": "0.0.39",
      "resolved": "https://registry.npm.taobao.org/@types/estree/download/@types/estree-0.0.39.tgz",
      "integrity": "sha1-4Xfmme4bjCLSMXTKqnQiZEOJUJ8=",
      "dev": true
    },
    "@types/jquery": {
      "version": "3.5.4",
      "resolved": "https://registry.npm.taobao.org/@types/jquery/download/@types/jquery-3.5.4.tgz",
      "integrity": "sha1-6SP30FynkFMPF/gKO4m8KIU/oX8=",
      "requires": {
        "@types/sizzle": "*"
      }
    },
    "@types/node": {
      "version": "14.14.6",
      "resolved": "https://registry.npm.taobao.org/@types/node/download/@types/node-14.14.6.tgz?cache=0&sync_timestamp=1603911215737&other_urls=https%3A%2F%2Fregistry.npm.taobao.org%2F%40types%2Fnode%2Fdownload%2F%40types%2Fnode-14.14.6.tgz",
      "integrity": "sha1-FG09pXs8Y2zA0XaTls4c+omRFH8=",
      "dev": true
    },
    "@types/resolve": {
      "version": "1.17.1",
      "resolved": "https://registry.npm.taobao.org/@types/resolve/download/@types/resolve-1.17.1.tgz",
      "integrity": "sha1-Ov1q2JZ8d+Q3bFmKgt3Vj0bsRdY=",
      "dev": true,
      "requires": {
        "@types/node": "*"
      }
    },
    "@types/sizzle": {
      "version": "2.3.2",
      "resolved": "https://registry.npm.taobao.org/@types/sizzle/download/@types/sizzle-2.3.2.tgz",
      "integrity": "sha1-qBG4wY4rq6t9VCszZYh64uTZ3kc="
    },
    "@vue/reactivity": {
      "version": "3.0.2",
      "resolved": "https://registry.npm.taobao.org/@vue/reactivity/download/@vue/reactivity-3.0.2.tgz",
      "integrity": "sha1-Qu1a9gJbSUpeabBRafzd8E7r/nc=",
      "requires": {
        "@vue/shared": "3.0.2"
      }
    },
    "@vue/shared": {
      "version": "3.0.2",
      "resolved": "https://registry.npm.taobao.org/@vue/shared/download/@vue/shared-3.0.2.tgz",
      "integrity": "sha1-QZvYWi69vU9Clj6YxaGxA0Uhdtk="
    },
    "builtin-modules": {
      "version": "3.1.0",
      "resolved": "https://registry.npm.taobao.org/builtin-modules/download/builtin-modules-3.1.0.tgz",
      "integrity": "sha1-qtl8FRMet2tltQ7yCOdYTNdqdIQ=",
      "dev": true
    },
    "commondir": {
      "version": "1.0.1",
      "resolved": "https://registry.npm.taobao.org/commondir/download/commondir-1.0.1.tgz",
      "integrity": "sha1-3dgA2gxmEnOTzKWVDqloo6rxJTs=",
      "dev": true
    },
    "deepmerge": {
      "version": "4.2.2",
      "resolved": "https://registry.npm.taobao.org/deepmerge/download/deepmerge-4.2.2.tgz",
      "integrity": "sha1-RNLqNnm49NT/ujPwPYZfwee/SVU=",
      "dev": true
    },
    "estree-walker": {
      "version": "1.0.1",
      "resolved": "https://registry.npm.taobao.org/estree-walker/download/estree-walker-1.0.1.tgz",
      "integrity": "sha1-MbxdYSyWtwQQa0d+bdXYqhOMtwA=",
      "dev": true
    },
    "find-cache-dir": {
      "version": "3.3.1",
      "resolved": "https://registry.npm.taobao.org/find-cache-dir/download/find-cache-dir-3.3.1.tgz",
      "integrity": "sha1-ibM/rUpGcNqpT4Vff74x1thP6IA=",
      "dev": true,
      "requires": {
        "commondir": "^1.0.1",
        "make-dir": "^3.0.2",
        "pkg-dir": "^4.1.0"
      }
    },
    "find-up": {
      "version": "4.1.0",
      "resolved": "https://registry.npm.taobao.org/find-up/download/find-up-4.1.0.tgz?cache=0&sync_timestamp=1597170240264&other_urls=https%3A%2F%2Fregistry.npm.taobao.org%2Ffind-up%2Fdownload%2Ffind-up-4.1.0.tgz",
      "integrity": "sha1-l6/n1s3AvFkoWEt8jXsW6KmqXRk=",
      "dev": true,
      "requires": {
        "locate-path": "^5.0.0",
        "path-exists": "^4.0.0"
      }
    },
    "fs-extra": {
      "version": "8.1.0",
      "resolved": "https://registry.npm.taobao.org/fs-extra/download/fs-extra-8.1.0.tgz",
      "integrity": "sha1-SdQ8RaiM2Wd2aMt74bRu/bjS4cA=",
      "dev": true,
      "requires": {
        "graceful-fs": "^4.2.0",
        "jsonfile": "^4.0.0",
        "universalify": "^0.1.0"
      }
    },
    "fsevents": {
      "version": "2.1.3",
      "resolved": "https://registry.npm.taobao.org/fsevents/download/fsevents-2.1.3.tgz?cache=0&sync_timestamp=1604595212408&other_urls=https%3A%2F%2Fregistry.npm.taobao.org%2Ffsevents%2Fdownload%2Ffsevents-2.1.3.tgz",
      "integrity": "sha1-+3OHA66NL5/pAMM4Nt3r7ouX8j4=",
      "dev": true,
      "optional": true
    },
    "function-bind": {
      "version": "1.1.1",
      "resolved": "https://registry.npm.taobao.org/function-bind/download/function-bind-1.1.1.tgz",
      "integrity": "sha1-pWiZ0+o8m6uHS7l3O3xe3pL0iV0=",
      "dev": true
    },
    "graceful-fs": {
      "version": "4.2.4",
      "resolved": "https://registry.npm.taobao.org/graceful-fs/download/graceful-fs-4.2.4.tgz",
      "integrity": "sha1-Ila94U02MpWMRl68ltxGfKB6Kfs=",
      "dev": true
    },
    "has": {
      "version": "1.0.3",
      "resolved": "https://registry.npm.taobao.org/has/download/has-1.0.3.tgz",
      "integrity": "sha1-ci18v8H2qoJB8W3YFOAR4fQeh5Y=",
      "dev": true,
      "requires": {
        "function-bind": "^1.1.1"
      }
    },
    "is-core-module": {
      "version": "2.1.0",
      "resolved": "https://registry.npm.taobao.org/is-core-module/download/is-core-module-2.1.0.tgz?cache=0&sync_timestamp=1604519286051&other_urls=https%3A%2F%2Fregistry.npm.taobao.org%2Fis-core-module%2Fdownload%2Fis-core-module-2.1.0.tgz",
      "integrity": "sha1-pMwDHZsaymPuy9GKZQ4Ty07quUY=",
      "dev": true,
      "requires": {
        "has": "^1.0.3"
      }
    },
    "is-module": {
      "version": "1.0.0",
      "resolved": "https://registry.npm.taobao.org/is-module/download/is-module-1.0.0.tgz",
      "integrity": "sha1-Mlj7afeMFNW4FdZkM2tM/7ZEFZE=",
      "dev": true
    },
    "jquery": {
      "version": "3.5.1",
      "resolved": "https://registry.npm.taobao.org/jquery/download/jquery-3.5.1.tgz",
      "integrity": "sha1-17TQjhv9uGrS8aPQOeoXMEcXq7U="
    },
    "js-tokens": {
      "version": "4.0.0",
      "resolved": "https://registry.npm.taobao.org/js-tokens/download/js-tokens-4.0.0.tgz",
      "integrity": "sha1-GSA/tZmR35jjoocFDUZHzerzJJk="
    },
    "jsonfile": {
      "version": "4.0.0",
      "resolved": "https://registry.npm.taobao.org/jsonfile/download/jsonfile-4.0.0.tgz?cache=0&sync_timestamp=1604161912962&other_urls=https%3A%2F%2Fregistry.npm.taobao.org%2Fjsonfile%2Fdownload%2Fjsonfile-4.0.0.tgz",
      "integrity": "sha1-h3Gq4HmbZAdrdmQPygWPnBDjPss=",
      "dev": true,
      "requires": {
        "graceful-fs": "^4.1.6"
      }
    },
    "locate-path": {
      "version": "5.0.0",
      "resolved": "https://registry.npm.taobao.org/locate-path/download/locate-path-5.0.0.tgz?cache=0&sync_timestamp=1597082033698&other_urls=https%3A%2F%2Fregistry.npm.taobao.org%2Flocate-path%2Fdownload%2Flocate-path-5.0.0.tgz",
      "integrity": "sha1-Gvujlq/WdqbUJQTQpno6frn2KqA=",
      "dev": true,
      "requires": {
        "p-locate": "^4.1.0"
      }
    },
    "loose-envify": {
      "version": "1.4.0",
      "resolved": "https://registry.npm.taobao.org/loose-envify/download/loose-envify-1.4.0.tgz",
      "integrity": "sha1-ce5R+nvkyuwaY4OffmgtgTLTDK8=",
      "requires": {
        "js-tokens": "^3.0.0 || ^4.0.0"
      }
    },
    "make-dir": {
      "version": "3.1.0",
      "resolved": "https://registry.npm.taobao.org/make-dir/download/make-dir-3.1.0.tgz",
      "integrity": "sha1-QV6WcEazp/HRhSd9hKpYIDcmoT8=",
      "dev": true,
      "requires": {
        "semver": "^6.0.0"
      }
    },
    "mime": {
      "version": "2.4.6",
      "resolved": "https://registry.npm.taobao.org/mime/download/mime-2.4.6.tgz?cache=0&sync_timestamp=1590596728112&other_urls=https%3A%2F%2Fregistry.npm.taobao.org%2Fmime%2Fdownload%2Fmime-2.4.6.tgz",
      "integrity": "sha1-5bQHyQ20QvK+tbFiNz0Htpr/pNE=",
      "dev": true
    },
    "opener": {
      "version": "1.5.2",
      "resolved": "https://registry.npm.taobao.org/opener/download/opener-1.5.2.tgz?cache=0&sync_timestamp=1598733310448&other_urls=https%3A%2F%2Fregistry.npm.taobao.org%2Fopener%2Fdownload%2Fopener-1.5.2.tgz",
      "integrity": "sha1-XTfh81B3udysQwE3InGv3rKhNZg=",
      "dev": true
    },
    "p-limit": {
      "version": "2.3.0",
      "resolved": "https://registry.npm.taobao.org/p-limit/download/p-limit-2.3.0.tgz",
      "integrity": "sha1-PdM8ZHohT9//2DWTPrCG2g3CHbE=",
      "dev": true,
      "requires": {
        "p-try": "^2.0.0"
      }
    },
    "p-locate": {
      "version": "4.1.0",
      "resolved": "https://registry.npm.taobao.org/p-locate/download/p-locate-4.1.0.tgz?cache=0&sync_timestamp=1597081369770&other_urls=https%3A%2F%2Fregistry.npm.taobao.org%2Fp-locate%2Fdownload%2Fp-locate-4.1.0.tgz",
      "integrity": "sha1-o0KLtwiLOmApL2aRkni3wpetTwc=",
      "dev": true,
      "requires": {
        "p-limit": "^2.2.0"
      }
    },
    "p-try": {
      "version": "2.2.0",
      "resolved": "https://registry.npm.taobao.org/p-try/download/p-try-2.2.0.tgz",
      "integrity": "sha1-yyhoVA4xPWHeWPr741zpAE1VQOY=",
      "dev": true
    },
    "path-exists": {
      "version": "4.0.0",
      "resolved": "https://registry.npm.taobao.org/path-exists/download/path-exists-4.0.0.tgz",
      "integrity": "sha1-UTvb4tO5XXdi6METfvoZXGxhtbM=",
      "dev": true
    },
    "path-parse": {
      "version": "1.0.6",
      "resolved": "https://registry.npm.taobao.org/path-parse/download/path-parse-1.0.6.tgz",
      "integrity": "sha1-1i27VnlAXXLEc37FhgDp3c8G0kw=",
      "dev": true
    },
    "picomatch": {
      "version": "2.2.2",
      "resolved": "https://registry.npm.taobao.org/picomatch/download/picomatch-2.2.2.tgz",
      "integrity": "sha1-IfMz6ba46v8CRo9RRupAbTRfTa0=",
      "dev": true
    },
    "pkg-dir": {
      "version": "4.2.0",
      "resolved": "https://registry.npm.taobao.org/pkg-dir/download/pkg-dir-4.2.0.tgz?cache=0&sync_timestamp=1602858957553&other_urls=https%3A%2F%2Fregistry.npm.taobao.org%2Fpkg-dir%2Fdownload%2Fpkg-dir-4.2.0.tgz",
      "integrity": "sha1-8JkTPfft5CLoHR2ESCcO6z5CYfM=",
      "dev": true,
      "requires": {
        "find-up": "^4.0.0"
      }
    },
    "redux": {
      "version": "4.0.5",
      "resolved": "https://registry.npm.taobao.org/redux/download/redux-4.0.5.tgz",
      "integrity": "sha1-TbXeWBbheJHeioDEJCMtBvBR2T8=",
      "requires": {
        "loose-envify": "^1.4.0",
        "symbol-observable": "^1.2.0"
      }
    },
    "resolve": {
      "version": "1.18.1",
      "resolved": "https://registry.npm.taobao.org/resolve/download/resolve-1.18.1.tgz?cache=0&sync_timestamp=1603313583397&other_urls=https%3A%2F%2Fregistry.npm.taobao.org%2Fresolve%2Fdownload%2Fresolve-1.18.1.tgz",
      "integrity": "sha1-AY/LLFsgfSpkJK7jYcWiZtqPQTA=",
      "dev": true,
      "requires": {
        "is-core-module": "^2.0.0",
        "path-parse": "^1.0.6"
      }
    },
    "rollup": {
      "version": "2.33.1",
      "resolved": "https://registry.npm.taobao.org/rollup/download/rollup-2.33.1.tgz?cache=0&sync_timestamp=1604302745162&other_urls=https%3A%2F%2Fregistry.npm.taobao.org%2Frollup%2Fdownload%2Frollup-2.33.1.tgz",
      "integrity": "sha1-gCeVFkFk7mPNR3adiHnDPsiuDEA=",
      "dev": true,
      "requires": {
        "fsevents": "~2.1.2"
      }
    },
    "rollup-plugin-serve": {
      "version": "1.1.0",
      "resolved": "https://registry.npm.taobao.org/rollup-plugin-serve/download/rollup-plugin-serve-1.1.0.tgz",
      "integrity": "sha1-BlSlcCGiG5AzQMaZQPdGNwboKI0=",
      "dev": true,
      "requires": {
        "mime": ">=2.4.6",
        "opener": "1"
      }
    },
    "rollup-plugin-typescript2": {
      "version": "0.29.0",
      "resolved": "https://registry.npm.taobao.org/rollup-plugin-typescript2/download/rollup-plugin-typescript2-0.29.0.tgz",
      "integrity": "sha1-t62D9SQdvFvfHpjZw/ygBf/jnho=",
      "dev": true,
      "requires": {
        "@rollup/pluginutils": "^3.1.0",
        "find-cache-dir": "^3.3.1",
        "fs-extra": "8.1.0",
        "resolve": "1.17.0",
        "tslib": "2.0.1"
      },
      "dependencies": {
        "resolve": {
          "version": "1.17.0",
          "resolved": "https://registry.npm.taobao.org/resolve/download/resolve-1.17.0.tgz?cache=0&sync_timestamp=1603313583397&other_urls=https%3A%2F%2Fregistry.npm.taobao.org%2Fresolve%2Fdownload%2Fresolve-1.17.0.tgz",
          "integrity": "sha1-sllBtUloIxzC0bt2p5y38sC/hEQ=",
          "dev": true,
          "requires": {
            "path-parse": "^1.0.6"
          }
        }
      }
    },
    "semver": {
      "version": "6.3.0",
      "resolved": "https://registry.npm.taobao.org/semver/download/semver-6.3.0.tgz",
      "integrity": "sha1-7gpkyK9ejO6mdoexM3YeG+y9HT0=",
      "dev": true
    },
    "symbol-observable": {
      "version": "1.2.0",
      "resolved": "https://registry.npm.taobao.org/symbol-observable/download/symbol-observable-1.2.0.tgz?cache=0&sync_timestamp=1604338039885&other_urls=https%3A%2F%2Fregistry.npm.taobao.org%2Fsymbol-observable%2Fdownload%2Fsymbol-observable-1.2.0.tgz",
      "integrity": "sha1-wiaIrtTqs83C3+rLtWFmBWCgCAQ="
    },
    "tslib": {
      "version": "2.0.1",
      "resolved": "https://registry.npm.taobao.org/tslib/download/tslib-2.0.1.tgz",
      "integrity": "sha1-QQ6w0RPltjVkkO7HSWA3JbAhtD4=",
      "dev": true
    },
    "typescript": {
      "version": "4.0.5",
      "resolved": "https://registry.npm.taobao.org/typescript/download/typescript-4.0.5.tgz?cache=0&sync_timestamp=1604733528002&other_urls=https%3A%2F%2Fregistry.npm.taobao.org%2Ftypescript%2Fdownload%2Ftypescript-4.0.5.tgz",
      "integrity": "sha1-rp3d/RBp8ctb6z7zshcN18EzI4k=",
      "dev": true
    },
    "universalify": {
      "version": "0.1.2",
      "resolved": "https://registry.npm.taobao.org/universalify/download/universalify-0.1.2.tgz?cache=0&sync_timestamp=1603179970052&other_urls=https%3A%2F%2Fregistry.npm.taobao.org%2Funiversalify%2Fdownload%2Funiversalify-0.1.2.tgz",
      "integrity": "sha1-tkb2m+OULavOzJ1mOcgNwQXvqmY=",
      "dev": true
    }
  }
}
